
Microsoft Visual Studio Solution File, Format Version 12.00
# Visual Studio Version 17
VisualStudioVersion = 17.5.33627.172
MinimumVisualStudioVersion = 10.0.40219.1
Project("{FAE04EC0-301F-11D3-BF4B-00C04F79EFBC}") = "CleanArchitecture.Api", "CleanArchitecture.Api\CleanArchitecture.Api.csproj", "{96C43BA3-4532-4362-B039-E3A5997CD125}"
EndProject
Project("{2150E333-8FDC-42A3-9474-1A3956D46DE8}") = "src", "src", "{0A2A5D44-82DE-4A4F-92E6-D9DC230BD8B5}"
EndProject
Project("{2150E333-8FDC-42A3-9474-1A3956D46DE8}") = "tests", "tests", "{64EBABA3-79CB-475D-8597-87ACBF7BCD52}"
EndProject
Project("{FAE04EC0-301F-11D3-BF4B-00C04F79EFBC}") = "CleanArchitecture.Core", "CleanArchitecture.Core\CleanArchitecture.Core.csproj", "{B7BE146F-BD16-411F-B87F-4C258783AF1F}"
EndProject
Project("{FAE04EC0-301F-11D3-BF4B-00C04F79EFBC}") = "CleanArchitecture.Infrastructure", "CleanArchitecture.Infrastructure\CleanArchitecture.Infrastructure.csproj", "{6C9145F3-C9E2-4869-9443-BC51055126D6}"
EndProject
Project("{FAE04EC0-301F-11D3-BF4B-00C04F79EFBC}") = "CleanArchitecture.SharedKernel", "CleanArchitecture.SharedKernel\CleanArchitecture.SharedKernel.csproj", "{CBD90AA0-9969-4B60-BBC4-3FA34D39E430}"
EndProject
Project("{FAE04EC0-301F-11D3-BF4B-00C04F79EFBC}") = "CleanArchitecture.UnitTests", "CleanArchitecture.UnitTests\CleanArchitecture.UnitTests.csproj", "{6BD44C87-8ABF-43D6-9AE8-3C306F61C34F}"
EndProject
Project("{FAE04EC0-301F-11D3-BF4B-00C04F79EFBC}") = "CleanArchitecture.FunctionalTests", "CleanArchitecture.FunctionalTests\CleanArchitecture.FunctionalTests.csproj", "{A7496CB5-9EFF-461D-9E16-8F93D8D7E646}"
EndProject
Project("{FAE04EC0-301F-11D3-BF4B-00C04F79EFBC}") = "CleanArchitecture.IntegrationTests", "CleanArchitecture.IntegrationTests\CleanArchitecture.IntegrationTests.csproj", "{ED45CB9E-B868-416B-B36F-5B1DE9C353B5}"
EndProject
Global
	GlobalSection(SolutionConfigurationPlatforms) = preSolution
		Debug|Any CPU = Debug|Any CPU
		Debug|arm64 = Debug|arm64
		Debug|x86 = Debug|x86
		Release|Any CPU = Release|Any CPU
		Release|arm64 = Release|arm64
		Release|x86 = Release|x86
	EndGlobalSection
	GlobalSection(ProjectConfigurationPlatforms) = postSolution
		{96C43BA3-4532-4362-B039-E3A5997CD125}.Debug|Any CPU.ActiveCfg = Debug|Any CPU
		{96C43BA3-4532-4362-B039-E3A5997CD125}.Debug|Any CPU.Build.0 = Debug|Any CPU
		{96C43BA3-4532-4362-B039-E3A5997CD125}.Debug|arm64.ActiveCfg = Debug|Any CPU
		{96C43BA3-4532-4362-B039-E3A5997CD125}.Debug|arm64.Build.0 = Debug|Any CPU
		{96C43BA3-4532-4362-B039-E3A5997CD125}.Debug|x86.ActiveCfg = Debug|Any CPU
		{96C43BA3-4532-4362-B039-E3A5997CD125}.Debug|x86.Build.0 = Debug|Any CPU
		{96C43BA3-4532-4362-B039-E3A5997CD125}.Release|Any CPU.ActiveCfg = Release|Any CPU
		{96C43BA3-4532-4362-B039-E3A5997CD125}.Release|Any CPU.Build.0 = Release|Any CPU
		{96C43BA3-4532-4362-B039-E3A5997CD125}.Release|arm64.ActiveCfg = Release|Any CPU
		{96C43BA3-4532-4362-B039-E3A5997CD125}.Release|arm64.Build.0 = Release|Any CPU
		{96C43BA3-4532-4362-B039-E3A5997CD125}.Release|x86.ActiveCfg = Release|Any CPU
		{96C43BA3-4532-4362-B039-E3A5997CD125}.Release|x86.Build.0 = Release|Any CPU
		{B7BE146F-BD16-411F-B87F-4C258783AF1F}.Debug|Any CPU.ActiveCfg = Debug|Any CPU
		{B7BE146F-BD16-411F-B87F-4C258783AF1F}.Debug|Any CPU.Build.0 = Debug|Any CPU
		{B7BE146F-BD16-411F-B87F-4C258783AF1F}.Debug|arm64.ActiveCfg = Debug|Any CPU
		{B7BE146F-BD16-411F-B87F-4C258783AF1F}.Debug|arm64.Build.0 = Debug|Any CPU
		{B7BE146F-BD16-411F-B87F-4C258783AF1F}.Debug|x86.ActiveCfg = Debug|Any CPU
		{B7BE146F-BD16-411F-B87F-4C258783AF1F}.Debug|x86.Build.0 = Debug|Any CPU
		{B7BE146F-BD16-411F-B87F-4C258783AF1F}.Release|Any CPU.ActiveCfg = Release|Any CPU
		{B7BE146F-BD16-411F-B87F-4C258783AF1F}.Release|Any CPU.Build.0 = Release|Any CPU
		{B7BE146F-BD16-411F-B87F-4C258783AF1F}.Release|arm64.ActiveCfg = Release|Any CPU
		{B7BE146F-BD16-411F-B87F-4C258783AF1F}.Release|arm64.Build.0 = Release|Any CPU
		{B7BE146F-BD16-411F-B87F-4C258783AF1F}.Release|x86.ActiveCfg = Release|Any CPU
		{B7BE146F-BD16-411F-B87F-4C258783AF1F}.Release|x86.Build.0 = Release|Any CPU
		{6C9145F3-C9E2-4869-9443-BC51055126D6}.Debug|Any CPU.ActiveCfg = Debug|Any CPU
		{6C9145F3-C9E2-4869-9443-BC51055126D6}.Debug|Any CPU.Build.0 = Debug|Any CPU
		{6C9145F3-C9E2-4869-9443-BC51055126D6}.Debug|arm64.ActiveCfg = Debug|Any CPU
		{6C9145F3-C9E2-4869-9443-BC51055126D6}.Debug|arm64.Build.0 = Debug|Any CPU
		{6C9145F3-C9E2-4869-9443-BC51055126D6}.Debug|x86.ActiveCfg = Debug|Any CPU
		{6C9145F3-C9E2-4869-9443-BC51055126D6}.Debug|x86.Build.0 = Debug|Any CPU
		{6C9145F3-C9E2-4869-9443-BC51055126D6}.Release|Any CPU.ActiveCfg = Release|Any CPU
		{6C9145F3-C9E2-4869-9443-BC51055126D6}.Release|Any CPU.Build.0 = Release|Any CPU
		{6C9145F3-C9E2-4869-9443-BC51055126D6}.Release|arm64.ActiveCfg = Release|Any CPU
		{6C9145F3-C9E2-4869-9443-BC51055126D6}.Release|arm64.Build.0 = Release|Any CPU
		{6C9145F3-C9E2-4869-9443-BC51055126D6}.Release|x86.ActiveCfg = Release|Any CPU
		{6C9145F3-C9E2-4869-9443-BC51055126D6}.Release|x86.Build.0 = Release|Any CPU
		{CBD90AA0-9969-4B60-BBC4-3FA34D39E430}.Debug|Any CPU.ActiveCfg = Debug|Any CPU
		{CBD90AA0-9969-4B60-BBC4-3FA34D39E430}.Debug|Any CPU.Build.0 = Debug|Any CPU
		{CBD90AA0-9969-4B60-BBC4-3FA34D39E430}.Debug|arm64.ActiveCfg = Debug|Any CPU
		{CBD90AA0-9969-4B60-BBC4-3FA34D39E430}.Debug|arm64.Build.0 = Debug|Any CPU
		{CBD90AA0-9969-4B60-BBC4-3FA34D39E430}.Debug|x86.ActiveCfg = Debug|Any CPU
		{CBD90AA0-9969-4B60-BBC4-3FA34D39E430}.Debug|x86.Build.0 = Debug|Any CPU
		{CBD90AA0-9969-4B60-BBC4-3FA34D39E430}.Release|Any CPU.ActiveCfg = Release|Any CPU
		{CBD90AA0-9969-4B60-BBC4-3FA34D39E430}.Release|Any CPU.Build.0 = Release|Any CPU
		{CBD90AA0-9969-4B60-BBC4-3FA34D39E430}.Release|arm64.ActiveCfg = Release|Any CPU
		{CBD90AA0-9969-4B60-BBC4-3FA34D39E430}.Release|arm64.Build.0 = Release|Any CPU
		{CBD90AA0-9969-4B60-BBC4-3FA34D39E430}.Release|x86.ActiveCfg = Release|Any CPU
		{CBD90AA0-9969-4B60-BBC4-3FA34D39E430}.Release|x86.Build.0 = Release|Any CPU
		{6BD44C87-8ABF-43D6-9AE8-3C306F61C34F}.Debug|Any CPU.ActiveCfg = Debug|Any CPU
		{6BD44C87-8ABF-43D6-9AE8-3C306F61C34F}.Debug|Any CPU.Build.0 = Debug|Any CPU
		{6BD44C87-8ABF-43D6-9AE8-3C306F61C34F}.Debug|arm64.ActiveCfg = Debug|Any CPU
		{6BD44C87-8ABF-43D6-9AE8-3C306F61C34F}.Debug|arm64.Build.0 = Debug|Any CPU
		{6BD44C87-8ABF-43D6-9AE8-3C306F61C34F}.Debug|x86.ActiveCfg = Debug|Any CPU
		{6BD44C87-8ABF-43D6-9AE8-3C306F61C34F}.Debug|x86.Build.0 = Debug|Any CPU
		{6BD44C87-8ABF-43D6-9AE8-3C306F61C34F}.Release|Any CPU.ActiveCfg = Release|Any CPU
		{6BD44C87-8ABF-43D6-9AE8-3C306F61C34F}.Release|Any CPU.Build.0 = Release|Any CPU
		{6BD44C87-8ABF-43D6-9AE8-3C306F61C34F}.Release|arm64.ActiveCfg = Release|Any CPU
		{6BD44C87-8ABF-43D6-9AE8-3C306F61C34F}.Release|arm64.Build.0 = Release|Any CPU
		{6BD44C87-8ABF-43D6-9AE8-3C306F61C34F}.Release|x86.ActiveCfg = Release|Any CPU
		{6BD44C87-8ABF-43D6-9AE8-3C306F61C34F}.Release|x86.Build.0 = Release|Any CPU
		{A7496CB5-9EFF-461D-9E16-8F93D8D7E646}.Debug|Any CPU.ActiveCfg = Debug|Any CPU
		{A7496CB5-9EFF-461D-9E16-8F93D8D7E646}.Debug|Any CPU.Build.0 = Debug|Any CPU
		{A7496CB5-9EFF-461D-9E16-8F93D8D7E646}.Debug|arm64.ActiveCfg = Debug|Any CPU
		{A7496CB5-9EFF-461D-9E16-8F93D8D7E646}.Debug|arm64.Build.0 = Debug|Any CPU
		{A7496CB5-9EFF-461D-9E16-8F93D8D7E646}.Debug|x86.ActiveCfg = Debug|Any CPU
		{A7496CB5-9EFF-461D-9E16-8F93D8D7E646}.Debug|x86.Build.0 = Debug|Any CPU
		{A7496CB5-9EFF-461D-9E16-8F93D8D7E646}.Release|Any CPU.ActiveCfg = Release|Any CPU
		{A7496CB5-9EFF-461D-9E16-8F93D8D7E646}.Release|Any CPU.Build.0 = Release|Any CPU
		{A7496CB5-9EFF-461D-9E16-8F93D8D7E646}.Release|arm64.ActiveCfg = Release|Any CPU
		{A7496CB5-9EFF-461D-9E16-8F93D8D7E646}.Release|arm64.Build.0 = Release|Any CPU
		{A7496CB5-9EFF-461D-9E16-8F93D8D7E646}.Release|x86.ActiveCfg = Release|Any CPU
		{A7496CB5-9EFF-461D-9E16-8F93D8D7E646}.Release|x86.Build.0 = Release|Any CPU
		{ED45CB9E-B868-416B-B36F-5B1DE9C353B5}.Debug|Any CPU.ActiveCfg = Debug|Any CPU
		{ED45CB9E-B868-416B-B36F-5B1DE9C353B5}.Debug|Any CPU.Build.0 = Debug|Any CPU
		{ED45CB9E-B868-416B-B36F-5B1DE9C353B5}.Debug|arm64.ActiveCfg = Debug|Any CPU
		{ED45CB9E-B868-416B-B36F-5B1DE9C353B5}.Debug|arm64.Build.0 = Debug|Any CPU
		{ED45CB9E-B868-416B-B36F-5B1DE9C353B5}.Debug|x86.ActiveCfg = Debug|Any CPU
		{ED45CB9E-B868-416B-B36F-5B1DE9C353B5}.Debug|x86.Build.0 = Debug|Any CPU
		{ED45CB9E-B868-416B-B36F-5B1DE9C353B5}.Release|Any CPU.ActiveCfg = Release|Any CPU
		{ED45CB9E-B868-416B-B36F-5B1DE9C353B5}.Release|Any CPU.Build.0 = Release|Any CPU
		{ED45CB9E-B868-416B-B36F-5B1DE9C353B5}.Release|arm64.ActiveCfg = Release|Any CPU
		{ED45CB9E-B868-416B-B36F-5B1DE9C353B5}.Release|arm64.Build.0 = Release|Any CPU
		{ED45CB9E-B868-416B-B36F-5B1DE9C353B5}.Release|x86.ActiveCfg = Release|Any CPU
		{ED45CB9E-B868-416B-B36F-5B1DE9C353B5}.Release|x86.Build.0 = Release|Any CPU
	EndGlobalSection
	GlobalSection(SolutionProperties) = preSolution
		HideSolutionNode = FALSE
	EndGlobalSection
	GlobalSection(NestedProjects) = preSolution
		{96C43BA3-4532-4362-B039-E3A5997CD125} = {0A2A5D44-82DE-4A4F-92E6-D9DC230BD8B5}
		{B7BE146F-BD16-411F-B87F-4C258783AF1F} = {0A2A5D44-82DE-4A4F-92E6-D9DC230BD8B5}
		{6C9145F3-C9E2-4869-9443-BC51055126D6} = {0A2A5D44-82DE-4A4F-92E6-D9DC230BD8B5}
		{CBD90AA0-9969-4B60-BBC4-3FA34D39E430} = {0A2A5D44-82DE-4A4F-92E6-D9DC230BD8B5}
		{6BD44C87-8ABF-43D6-9AE8-3C306F61C34F} = {64EBABA3-79CB-475D-8597-87ACBF7BCD52}
		{A7496CB5-9EFF-461D-9E16-8F93D8D7E646} = {64EBABA3-79CB-475D-8597-87ACBF7BCD52}
		{ED45CB9E-B868-416B-B36F-5B1DE9C353B5} = {64EBABA3-79CB-475D-8597-87ACBF7BCD52}
	EndGlobalSection
	GlobalSection(ExtensibilityGlobals) = postSolution
		SolutionGuid = {D033B027-2D59-48B6-8304-5366E2AE2798}
	EndGlobalSection
EndGlobal
